
Microsoft Visual Studio Solution File, Format Version 12.00
# Visual Studio Version 16
VisualStudioVersion = 16.0.29409.12
MinimumVisualStudioVersion = 10.0.40219.1
Project("{FAE04EC0-301F-11D3-BF4B-00C04F79EFBC}") = "OdwToFood", "OdwToFood.csproj", "{620FD455-14E4-4AA4-8322-0B8923856382}"
EndProject
Project("{FAE04EC0-301F-11D3-BF4B-00C04F79EFBC}") = "OdeToFoodCLib", "..\OdeToFoodCLib\OdeToFoodCLib.csproj", "{DA8EFDF9-3633-4977-AF31-85EF0BEE9973}"
EndProject
Project("{FAE04EC0-301F-11D3-BF4B-00C04F79EFBC}") = "OdeToFood.Data", "..\OdeToFood.Data\OdeToFood.Data.csproj", "{6FDC8770-0497-4F95-9CB7-C5A4C0C84768}"
EndProject
Global
	GlobalSection(SolutionConfigurationPlatforms) = preSolution
		Debug|Any CPU = Debug|Any CPU
		Release|Any CPU = Release|Any CPU
	EndGlobalSection
	GlobalSection(ProjectConfigurationPlatforms) = postSolution
		{620FD455-14E4-4AA4-8322-0B8923856382}.Debug|Any CPU.ActiveCfg = Debug|Any CPU
		{620FD455-14E4-4AA4-8322-0B8923856382}.Debug|Any CPU.Build.0 = Debug|Any CPU
		{620FD455-14E4-4AA4-8322-0B8923856382}.Release|Any CPU.ActiveCfg = Release|Any CPU
		{620FD455-14E4-4AA4-8322-0B8923856382}.Release|Any CPU.Build.0 = Release|Any CPU
		{DA8EFDF9-3633-4977-AF31-85EF0BEE9973}.Debug|Any CPU.ActiveCfg = Debug|Any CPU
		{DA8EFDF9-3633-4977-AF31-85EF0BEE9973}.Debug|Any CPU.Build.0 = Debug|Any CPU
		{DA8EFDF9-3633-4977-AF31-85EF0BEE9973}.Release|Any CPU.ActiveCfg = Release|Any CPU
		{DA8EFDF9-3633-4977-AF31-85EF0BEE9973}.Release|Any CPU.Build.0 = Release|Any CPU
		{6FDC8770-0497-4F95-9CB7-C5A4C0C84768}.Debug|Any CPU.ActiveCfg = Debug|Any CPU
		{6FDC8770-0497-4F95-9CB7-C5A4C0C84768}.Debug|Any CPU.Build.0 = Debug|Any CPU
		{6FDC8770-0497-4F95-9CB7-C5A4C0C84768}.Release|Any CPU.ActiveCfg = Release|Any CPU
		{6FDC8770-0497-4F95-9CB7-C5A4C0C84768}.Release|Any CPU.Build.0 = Release|Any CPU
	EndGlobalSection
	GlobalSection(SolutionProperties) = preSolution
		HideSolutionNode = FALSE
	EndGlobalSection
	GlobalSection(ExtensibilityGlobals) = postSolution
		SolutionGuid = {5A44F199-E541-4972-8956-BC79FF6D28F8}
	EndGlobalSection
EndGlobal
